
Microsoft Visual Studio Solution File, Format Version 12.00
# Visual Studio 15
VisualStudioVersion = 15.0.28307.572
MinimumVisualStudioVersion = 10.0.40219.1
Project("{FAE04EC0-301F-11D3-BF4B-00C04F79EFBC}") = "WCF", "WCF\WCF.csproj", "{1D53D8B4-D27E-4083-A9DC-8D9433707B51}"
	ProjectSection(ProjectDependencies) = postProject
		{B1A4EB2C-3015-4FF4-A563-043CDE3A7613} = {B1A4EB2C-3015-4FF4-A563-043CDE3A7613}
	EndProjectSection
EndProject
Project("{FAE04EC0-301F-11D3-BF4B-00C04F79EFBC}") = "WcfServiceLibrary1", "WcfServiceLibrary1\WcfServiceLibrary1.csproj", "{B1A4EB2C-3015-4FF4-A563-043CDE3A7613}"
EndProject
Global
	GlobalSection(SolutionConfigurationPlatforms) = preSolution
		Debug|Any CPU = Debug|Any CPU
		Release|Any CPU = Release|Any CPU
	EndGlobalSection
	GlobalSection(ProjectConfigurationPlatforms) = postSolution
		{1D53D8B4-D27E-4083-A9DC-8D9433707B51}.Debug|Any CPU.ActiveCfg = Debug|Any CPU
		{1D53D8B4-D27E-4083-A9DC-8D9433707B51}.Debug|Any CPU.Build.0 = Debug|Any CPU
		{1D53D8B4-D27E-4083-A9DC-8D9433707B51}.Release|Any CPU.ActiveCfg = Release|Any CPU
		{1D53D8B4-D27E-4083-A9DC-8D9433707B51}.Release|Any CPU.Build.0 = Release|Any CPU
		{B1A4EB2C-3015-4FF4-A563-043CDE3A7613}.Debug|Any CPU.ActiveCfg = Debug|Any CPU
		{B1A4EB2C-3015-4FF4-A563-043CDE3A7613}.Debug|Any CPU.Build.0 = Debug|Any CPU
		{B1A4EB2C-3015-4FF4-A563-043CDE3A7613}.Release|Any CPU.ActiveCfg = Release|Any CPU
		{B1A4EB2C-3015-4FF4-A563-043CDE3A7613}.Release|Any CPU.Build.0 = Release|Any CPU
	EndGlobalSection
	GlobalSection(SolutionProperties) = preSolution
		HideSolutionNode = FALSE
	EndGlobalSection
	GlobalSection(ExtensibilityGlobals) = postSolution
		SolutionGuid = {5C40CFF1-7015-4128-993F-3BB94328B86C}
	EndGlobalSection
EndGlobal
